# This file is @generated by PDM.
# It is not intended for manual editing.

[[package]]
name = "cowsay"
version = "5.0"
summary = "The famous cowsay for GNU/Linux is now available for python"

[metadata]
lock_version = "4.2"
cross_platform = true
groups = ["default"]
content_hash = "sha256:a04c8eb9409090bc9acb94e5cec5ef19afdecacb2c169628142af5ca472135f0"

[metadata.files]
"cowsay 5.0" = [
    {url = "https://files.pythonhosted.org/packages/6b/b8/9f497fd045d74fe21d91cbe8debae0b451229989e35b539d218547d79fc6/cowsay-5.0.tar.gz", hash = "sha256:c00e02444f5bc7332826686bd44d963caabbaba9a804a63153822edce62bbbf3"},
]
